
Microsoft Visual Studio Solution File, Format Version 12.00
Project("{FAE04EC0-301F-11D3-BF4B-00C04F79EFBC}") = "JOGUnit", "JOGUnit\JOGUnit.csproj", "{D09B1052-272B-4954-A314-8815081B7ED2}"
EndProject
Project("{FAE04EC0-301F-11D3-BF4B-00C04F79EFBC}") = "JOGUnitTests", "JOGUnitTests\JOGUnitTests.csproj", "{59CF42A4-7B56-4807-B88D-A81C83ECC829}"
EndProject
Global
	GlobalSection(SolutionConfigurationPlatforms) = preSolution
		Debug|Any CPU = Debug|Any CPU
		Release|Any CPU = Release|Any CPU
	EndGlobalSection
	GlobalSection(ProjectConfigurationPlatforms) = postSolution
		{D09B1052-272B-4954-A314-8815081B7ED2}.Debug|Any CPU.ActiveCfg = Debug|Any CPU
		{D09B1052-272B-4954-A314-8815081B7ED2}.Debug|Any CPU.Build.0 = Debug|Any CPU
		{D09B1052-272B-4954-A314-8815081B7ED2}.Release|Any CPU.ActiveCfg = Release|Any CPU
		{D09B1052-272B-4954-A314-8815081B7ED2}.Release|Any CPU.Build.0 = Release|Any CPU
		{59CF42A4-7B56-4807-B88D-A81C83ECC829}.Debug|Any CPU.ActiveCfg = Debug|Any CPU
		{59CF42A4-7B56-4807-B88D-A81C83ECC829}.Debug|Any CPU.Build.0 = Debug|Any CPU
		{59CF42A4-7B56-4807-B88D-A81C83ECC829}.Release|Any CPU.ActiveCfg = Release|Any CPU
		{59CF42A4-7B56-4807-B88D-A81C83ECC829}.Release|Any CPU.Build.0 = Release|Any CPU
	EndGlobalSection
EndGlobal
